
Microsoft Visual Studio Solution File, Format Version 12.00
# Visual Studio 15
VisualStudioVersion = 15.0.28307.168
MinimumVisualStudioVersion = 10.0.40219.1
Project("{FAE04EC0-301F-11D3-BF4B-00C04F79EFBC}") = "hastaKayitSistemi", "hastaKayitSistemi\hastaKayitSistemi.csproj", "{A5A7776C-4A04-4F36-BA3D-5A1CED757638}"
EndProject
Global
	GlobalSection(SolutionConfigurationPlatforms) = preSolution
		Debug|Any CPU = Debug|Any CPU
		Release|Any CPU = Release|Any CPU
	EndGlobalSection
	GlobalSection(ProjectConfigurationPlatforms) = postSolution
		{A5A7776C-4A04-4F36-BA3D-5A1CED757638}.Debug|Any CPU.ActiveCfg = Debug|Any CPU
		{A5A7776C-4A04-4F36-BA3D-5A1CED757638}.Debug|Any CPU.Build.0 = Debug|Any CPU
		{A5A7776C-4A04-4F36-BA3D-5A1CED757638}.Release|Any CPU.ActiveCfg = Release|Any CPU
		{A5A7776C-4A04-4F36-BA3D-5A1CED757638}.Release|Any CPU.Build.0 = Release|Any CPU
	EndGlobalSection
	GlobalSection(SolutionProperties) = preSolution
		HideSolutionNode = FALSE
	EndGlobalSection
	GlobalSection(ExtensibilityGlobals) = postSolution
		SolutionGuid = {04E7867A-8084-4192-8012-C6E706621A1A}
	EndGlobalSection
EndGlobal
